# This file is automatically @generated by Poetry 1.8.4 and should not be changed by hand.

[[package]]
name = "fastapi"
version = "0.115.6"
description = "FastAPI framework, high performance, easy to learn, fast to code, ready for production"
optional = false
python-versions = "*"
files = []

[[package]]
name = "fastapi-pagination"
version = "0.12.34"
description = "FastAPI pagination"
optional = false
python-versions = "*"
files = []

[[package]]
name = "httpx"
version = "0.28.1"
description = "The next generation HTTP client."
optional = false
python-versions = "*"
files = []

[[package]]
name = "pydantic"
version = "2.10.4"
description = "Data validation using Python type hints"
optional = false
python-versions = "*"
files = []

[[package]]
name = "pydantic-settings"
version = "2.7.0"
description = "Settings management using Pydantic"
optional = false
python-versions = "*"
files = []

[[package]]
name = "uvicorn"
version = "0.32.1"
description = "The lightning-fast ASGI server."
optional = false
python-versions = "*"
files = []

[metadata]
lock-version = "2.0"
python-versions = "^3.12"
content-hash = "3df5fa559e85ab8ce6d4d14c909e3092e93003418fcb35b624eda3d4315ee16d"
